// !$*UTF8*$!
{
	archiveVersion = 1;
	classes = {
	};
	objectVersion = 46;
	objects = {

/* Begin PBXBuildFile section */
		238F08121C0EDBEE00F0BF8A /* Shout.swift in Sources */ = {isa = PBXBuildFile; fileRef = 238F08111C0EDBEE00F0BF8A /* Shout.swift */; };
		238F08141C0F047A00F0BF8A /* AddShoutViewController.swift in Sources */ = {isa = PBXBuildFile; fileRef = 238F08131C0F047A00F0BF8A /* AddShoutViewController.swift */; };
		A210A0D41C49B42A00E2CDB6 /* Default-568h@2x.png in Resources */ = {isa = PBXBuildFile; fileRef = A210A0D31C49B42A00E2CDB6 /* Default-568h@2x.png */; };
		A210A0D61C4A9F1600E2CDB6 /* CommentViewController.swift in Sources */ = {isa = PBXBuildFile; fileRef = A210A0D51C4A9F1600E2CDB6 /* CommentViewController.swift */; };
		B0F9F5E11C0449380021BF86 /* AppDelegate.swift in Sources */ = {isa = PBXBuildFile; fileRef = B0F9F5E01C0449380021BF86 /* AppDelegate.swift */; };
		B0F9F5E61C0449380021BF86 /* Main.storyboard in Resources */ = {isa = PBXBuildFile; fileRef = B0F9F5E41C0449380021BF86 /* Main.storyboard */; };
		B0F9F5E81C0449380021BF86 /* Assets.xcassets in Resources */ = {isa = PBXBuildFile; fileRef = B0F9F5E71C0449380021BF86 /* Assets.xcassets */; };
		B0F9F5EB1C0449380021BF86 /* LaunchScreen.storyboard in Resources */ = {isa = PBXBuildFile; fileRef = B0F9F5E91C0449380021BF86 /* LaunchScreen.storyboard */; };
		B0F9F6021C044B9C0021BF86 /* Location.swift in Sources */ = {isa = PBXBuildFile; fileRef = B0F9F6011C044B9C0021BF86 /* Location.swift */; };
		B0F9F6091C0461160021BF86 /* Service.swift in Sources */ = {isa = PBXBuildFile; fileRef = B0F9F6081C0461160021BF86 /* Service.swift */; };
		B0F9F60B1C04619B0021BF86 /* Properties.plist in Resources */ = {isa = PBXBuildFile; fileRef = B0F9F60A1C04619B0021BF86 /* Properties.plist */; };
		B0F9F60D1C0472140021BF86 /* Result.swift in Sources */ = {isa = PBXBuildFile; fileRef = B0F9F60C1C0472140021BF86 /* Result.swift */; };
		B0F9F60F1C04A6580021BF86 /* ShoutsViewController.swift in Sources */ = {isa = PBXBuildFile; fileRef = B0F9F60E1C04A6580021BF86 /* ShoutsViewController.swift */; };
		B0F9F6111C04AC7E0021BF86 /* ShoutViewController.swift in Sources */ = {isa = PBXBuildFile; fileRef = B0F9F6101C04AC7E0021BF86 /* ShoutViewController.swift */; };
		B0F9F6131C04AFFD0021BF86 /* EmptyDetailViewController.swift in Sources */ = {isa = PBXBuildFile; fileRef = B0F9F6121C04AFFD0021BF86 /* EmptyDetailViewController.swift */; };
/* End PBXBuildFile section */

/* Begin PBXFileReference section */
		238F08111C0EDBEE00F0BF8A /* Shout.swift */ = {isa = PBXFileReference; fileEncoding = 4; lastKnownFileType = sourcecode.swift; name = Shout.swift; path = ../SnapShout/Shout.swift; sourceTree = "<group>"; };
		238F08131C0F047A00F0BF8A /* AddShoutViewController.swift */ = {isa = PBXFileReference; fileEncoding = 4; lastKnownFileType = sourcecode.swift; name = AddShoutViewController.swift; path = ../SnapShout/AddShoutViewController.swift; sourceTree = "<group>"; };
		A210A0D31C49B42A00E2CDB6 /* Default-568h@2x.png */ = {isa = PBXFileReference; lastKnownFileType = image.png; path = "Default-568h@2x.png"; sourceTree = "<group>"; };
		A210A0D51C4A9F1600E2CDB6 /* CommentViewController.swift */ = {isa = PBXFileReference; fileEncoding = 4; lastKnownFileType = sourcecode.swift; path = CommentViewController.swift; sourceTree = "<group>"; };
		B0F9F5DD1C0449380021BF86 /* SnapShout.app */ = {isa = PBXFileReference; explicitFileType = wrapper.application; includeInIndex = 0; path = SnapShout.app; sourceTree = BUILT_PRODUCTS_DIR; };
		B0F9F5E01C0449380021BF86 /* AppDelegate.swift */ = {isa = PBXFileReference; lastKnownFileType = sourcecode.swift; name = AppDelegate.swift; path = ../SnapShout/AppDelegate.swift; sourceTree = "<group>"; };
		B0F9F5E51C0449380021BF86 /* Base */ = {isa = PBXFileReference; lastKnownFileType = file.storyboard; name = Base; path = Base.lproj/Main.storyboard; sourceTree = "<group>"; };
		B0F9F5E71C0449380021BF86 /* Assets.xcassets */ = {isa = PBXFileReference; lastKnownFileType = folder.assetcatalog; name = Assets.xcassets; path = ../SnapShout/Assets.xcassets; sourceTree = "<group>"; };
		B0F9F5EA1C0449380021BF86 /* Base */ = {isa = PBXFileReference; lastKnownFileType = file.storyboard; name = Base; path = Base.lproj/LaunchScreen.storyboard; sourceTree = "<group>"; };
		B0F9F5EC1C0449380021BF86 /* Info.plist */ = {isa = PBXFileReference; lastKnownFileType = text.plist.xml; name = Info.plist; path = ../SnapShout/Info.plist; sourceTree = "<group>"; };
		B0F9F6011C044B9C0021BF86 /* Location.swift */ = {isa = PBXFileReference; fileEncoding = 4; lastKnownFileType = sourcecode.swift; name = Location.swift; path = ../SnapShout/Location.swift; sourceTree = "<group>"; };
		B0F9F6081C0461160021BF86 /* Service.swift */ = {isa = PBXFileReference; fileEncoding = 4; lastKnownFileType = sourcecode.swift; name = Service.swift; path = ../SnapShout/Service.swift; sourceTree = "<group>"; };
		B0F9F60A1C04619B0021BF86 /* Properties.plist */ = {isa = PBXFileReference; fileEncoding = 4; lastKnownFileType = text.plist.xml; name = Properties.plist; path = ../SnapShout/Properties.plist; sourceTree = "<group>"; };
		B0F9F60C1C0472140021BF86 /* Result.swift */ = {isa = PBXFileReference; fileEncoding = 4; lastKnownFileType = sourcecode.swift; name = Result.swift; path = ../SnapShout/Result.swift; sourceTree = "<group>"; };
		B0F9F60E1C04A6580021BF86 /* ShoutsViewController.swift */ = {isa = PBXFileReference; fileEncoding = 4; lastKnownFileType = sourcecode.swift; name = ShoutsViewController.swift; path = ../SnapShout/ShoutsViewController.swift; sourceTree = "<group>"; };
		B0F9F6101C04AC7E0021BF86 /* ShoutViewController.swift */ = {isa = PBXFileReference; fileEncoding = 4; lastKnownFileType = sourcecode.swift; name = ShoutViewController.swift; path = ../SnapShout/ShoutViewController.swift; sourceTree = "<group>"; };
		B0F9F6121C04AFFD0021BF86 /* EmptyDetailViewController.swift */ = {isa = PBXFileReference; fileEncoding = 4; lastKnownFileType = sourcecode.swift; name = EmptyDetailViewController.swift; path = ../SnapShout/EmptyDetailViewController.swift; sourceTree = "<group>"; };
/* End PBXFileReference section */

/* Begin PBXFrameworksBuildPhase section */
		B0F9F5DA1C0449380021BF86 /* Frameworks */ = {
			isa = PBXFrameworksBuildPhase;
			buildActionMask = 2147483647;
			files = (
			);
			runOnlyForDeploymentPostprocessing = 0;
		};
/* End PBXFrameworksBuildPhase section */

/* Begin PBXGroup section */
		B0F9F5D41C0449380021BF86 = {
			isa = PBXGroup;
			children = (
				A210A0D31C49B42A00E2CDB6 /* Default-568h@2x.png */,
				B0F9F5DF1C0449380021BF86 /* SnapShout */,
				B0F9F5DE1C0449380021BF86 /* Products */,
			);
			sourceTree = "<group>";
		};
		B0F9F5DE1C0449380021BF86 /* Products */ = {
			isa = PBXGroup;
			children = (
				B0F9F5DD1C0449380021BF86 /* SnapShout.app */,
			);
			name = Products;
			sourceTree = "<group>";
		};
		B0F9F5DF1C0449380021BF86 /* SnapShout */ = {
			isa = PBXGroup;
			children = (
				B0F9F5F41C04494B0021BF86 /* Model */,
				B0F9F6051C045A240021BF86 /* Service */,
				B0F9F5F31C0449450021BF86 /* Controllers */,
				B0F9F5F21C0449410021BF86 /* Views */,
				B0F9F5E01C0449380021BF86 /* AppDelegate.swift */,
				B0F9F5E41C0449380021BF86 /* Main.storyboard */,
				B0F9F5E71C0449380021BF86 /* Assets.xcassets */,
				B0F9F5E91C0449380021BF86 /* LaunchScreen.storyboard */,
				B0F9F5EC1C0449380021BF86 /* Info.plist */,
				B0F9F60A1C04619B0021BF86 /* Properties.plist */,
			);
			name = SnapShout;
			path = SplitView;
			sourceTree = "<group>";
		};
		B0F9F5F21C0449410021BF86 /* Views */ = {
			isa = PBXGroup;
			children = (
			);
			name = Views;
			sourceTree = "<group>";
		};
		B0F9F5F31C0449450021BF86 /* Controllers */ = {
			isa = PBXGroup;
			children = (
				B0F9F60E1C04A6580021BF86 /* ShoutsViewController.swift */,
				B0F9F6121C04AFFD0021BF86 /* EmptyDetailViewController.swift */,
				B0F9F6101C04AC7E0021BF86 /* ShoutViewController.swift */,
				238F08131C0F047A00F0BF8A /* AddShoutViewController.swift */,
				A210A0D51C4A9F1600E2CDB6 /* CommentViewController.swift */,
			);
			name = Controllers;
			sourceTree = "<group>";
		};
		B0F9F5F41C04494B0021BF86 /* Model */ = {
			isa = PBXGroup;
			children = (
				B0F9F6011C044B9C0021BF86 /* Location.swift */,
				238F08111C0EDBEE00F0BF8A /* Shout.swift */,
			);
			name = Model;
			sourceTree = "<group>";
		};
		B0F9F6051C045A240021BF86 /* Service */ = {
			isa = PBXGroup;
			children = (
				B0F9F6081C0461160021BF86 /* Service.swift */,
				B0F9F60C1C0472140021BF86 /* Result.swift */,
			);
			name = Service;
			sourceTree = "<group>";
		};
/* End PBXGroup section */

/* Begin PBXNativeTarget section */
		B0F9F5DC1C0449380021BF86 /* 	 */ = {
			isa = PBXNativeTarget;
			buildConfigurationList = B0F9F5EF1C0449380021BF86 /* Build configuration list for PBXNativeTarget "	" */;
			buildPhases = (
				B0F9F5D91C0449380021BF86 /* Sources */,
				B0F9F5DA1C0449380021BF86 /* Frameworks */,
				B0F9F5DB1C0449380021BF86 /* Resources */,
			);
			buildRules = (
			);
			dependencies = (
			);
			name = "	";
			productName = SplitView;
			productReference = B0F9F5DD1C0449380021BF86 /* SnapShout.app */;
			productType = "com.apple.product-type.application";
		};
/* End PBXNativeTarget section */

/* Begin PBXProject section */
		B0F9F5D51C0449380021BF86 /* Project object */ = {
			isa = PBXProject;
			attributes = {
				LastSwiftUpdateCheck = 0710;
				LastUpgradeCheck = 0710;
				ORGANIZATIONNAME = Carnewal;
				TargetAttributes = {
					B0F9F5DC1C0449380021BF86 = {
						CreatedOnToolsVersion = 7.1.1;
					};
				};
			};
			buildConfigurationList = B0F9F5D81C0449380021BF86 /* Build configuration list for PBXProject "SnapShout" */;
			compatibilityVersion = "Xcode 3.2";
			developmentRegion = English;
			hasScannedForEncodings = 0;
			knownRegions = (
				en,
				Base,
			);
			mainGroup = B0F9F5D41C0449380021BF86;
			productRefGroup = B0F9F5DE1C0449380021BF86 /* Products */;
			projectDirPath = "";
			projectRoot = "";
			targets = (
				B0F9F5DC1C0449380021BF86 /* 	 */,
			);
		};
/* End PBXProject section */

/* Begin PBXResourcesBuildPhase section */
		B0F9F5DB1C0449380021BF86 /* Resources */ = {
			isa = PBXResourcesBuildPhase;
			buildActionMask = 2147483647;
			files = (
				B0F9F5EB1C0449380021BF86 /* LaunchScreen.storyboard in Resources */,
				B0F9F5E81C0449380021BF86 /* Assets.xcassets in Resources */,
				B0F9F5E61C0449380021BF86 /* Main.storyboard in Resources */,
				A210A0D41C49B42A00E2CDB6 /* Default-568h@2x.png in Resources */,
				B0F9F60B1C04619B0021BF86 /* Properties.plist in Resources */,
			);
			runOnlyForDeploymentPostprocessing = 0;
		};
/* End PBXResourcesBuildPhase section */

/* Begin PBXSourcesBuildPhase section */
		B0F9F5D91C0449380021BF86 /* Sources */ = {
			isa = PBXSourcesBuildPhase;
			buildActionMask = 2147483647;
			files = (
				A210A0D61C4A9F1600E2CDB6 /* CommentViewController.swift in Sources */,
				238F08141C0F047A00F0BF8A /* AddShoutViewController.swift in Sources */,
				B0F9F6111C04AC7E0021BF86 /* ShoutViewController.swift in Sources */,
				B0F9F60F1C04A6580021BF86 /* ShoutsViewController.swift in Sources */,
				B0F9F6131C04AFFD0021BF86 /* EmptyDetailViewController.swift in Sources */,
				238F08121C0EDBEE00F0BF8A /* Shout.swift in Sources */,
				B0F9F60D1C0472140021BF86 /* Result.swift in Sources */,
				B0F9F6021C044B9C0021BF86 /* Location.swift in Sources */,
				B0F9F6091C0461160021BF86 /* Service.swift in Sources */,
				B0F9F5E11C0449380021BF86 /* AppDelegate.swift in Sources */,
			);
			runOnlyForDeploymentPostprocessing = 0;
		};
/* End PBXSourcesBuildPhase section */

/* Begin PBXVariantGroup section */
		B0F9F5E41C0449380021BF86 /* Main.storyboard */ = {
			isa = PBXVariantGroup;
			children = (
				B0F9F5E51C0449380021BF86 /* Base */,
			);
			name = Main.storyboard;
			sourceTree = "<group>";
		};
		B0F9F5E91C0449380021BF86 /* LaunchScreen.storyboard */ = {
			isa = PBXVariantGroup;
			children = (
				B0F9F5EA1C0449380021BF86 /* Base */,
			);
			name = LaunchScreen.storyboard;
			sourceTree = "<group>";
		};
/* End PBXVariantGroup section */

/* Begin XCBuildConfiguration section */
		B0F9F5ED1C0449380021BF86 /* Debug */ = {
			isa = XCBuildConfiguration;
			buildSettings = {
				ALWAYS_SEARCH_USER_PATHS = NO;
				CLANG_CXX_LANGUAGE_STANDARD = "gnu++0x";
				CLANG_CXX_LIBRARY = "libc++";
				CLANG_ENABLE_MODULES = YES;
				CLANG_ENABLE_OBJC_ARC = YES;
				CLANG_WARN_BOOL_CONVERSION = YES;
				CLANG_WARN_CONSTANT_CONVERSION = YES;
				CLANG_WARN_DIRECT_OBJC_ISA_USAGE = YES_ERROR;
				CLANG_WARN_EMPTY_BODY = YES;
				CLANG_WARN_ENUM_CONVERSION = YES;
				CLANG_WARN_INT_CONVERSION = YES;
				CLANG_WARN_OBJC_ROOT_CLASS = YES_ERROR;
				CLANG_WARN_UNREACHABLE_CODE = YES;
				CLANG_WARN__DUPLICATE_METHOD_MATCH = YES;
				"CODE_SIGN_IDENTITY[sdk=iphoneos*]" = "iPhone Developer";
				COPY_PHASE_STRIP = NO;
				DEBUG_INFORMATION_FORMAT = dwarf;
				ENABLE_STRICT_OBJC_MSGSEND = YES;
				ENABLE_TESTABILITY = YES;
				GCC_C_LANGUAGE_STANDARD = gnu99;
				GCC_DYNAMIC_NO_PIC = NO;
				GCC_NO_COMMON_BLOCKS = YES;
				GCC_OPTIMIZATION_LEVEL = 0;
				GCC_PREPROCESSOR_DEFINITIONS = (
					"DEBUG=1",
					"$(inherited)",
				);
				GCC_WARN_64_TO_32_BIT_CONVERSION = YES;
				GCC_WARN_ABOUT_RETURN_TYPE = YES_ERROR;
				GCC_WARN_UNDECLARED_SELECTOR = YES;
				GCC_WARN_UNINITIALIZED_AUTOS = YES_AGGRESSIVE;
				GCC_WARN_UNUSED_FUNCTION = YES;
				GCC_WARN_UNUSED_VARIABLE = YES;
				IPHONEOS_DEPLOYMENT_TARGET = 9.1;
				MTL_ENABLE_DEBUG_INFO = YES;
				ONLY_ACTIVE_ARCH = YES;
				SDKROOT = iphoneos;
				SWIFT_OPTIMIZATION_LEVEL = "-Onone";
				TARGETED_DEVICE_FAMILY = "1,2";
			};
			name = Debug;
		};
		B0F9F5EE1C0449380021BF86 /* Release */ = {
			isa = XCBuildConfiguration;
			buildSettings = {
				ALWAYS_SEARCH_USER_PATHS = NO;
				CLANG_CXX_LANGUAGE_STANDARD = "gnu++0x";
				CLANG_CXX_LIBRARY = "libc++";
				CLANG_ENABLE_MODULES = YES;
				CLANG_ENABLE_OBJC_ARC = YES;
				CLANG_WARN_BOOL_CONVERSION = YES;
				CLANG_WARN_CONSTANT_CONVERSION = YES;
				CLANG_WARN_DIRECT_OBJC_ISA_USAGE = YES_ERROR;
				CLANG_WARN_EMPTY_BODY = YES;
				CLANG_WARN_ENUM_CONVERSION = YES;
				CLANG_WARN_INT_CONVERSION = YES;
				CLANG_WARN_OBJC_ROOT_CLASS = YES_ERROR;
				CLANG_WARN_UNREACHABLE_CODE = YES;
				CLANG_WARN__DUPLICATE_METHOD_MATCH = YES;
				"CODE_SIGN_IDENTITY[sdk=iphoneos*]" = "iPhone Developer";
				COPY_PHASE_STRIP = NO;
				DEBUG_INFORMATION_FORMAT = "dwarf-with-dsym";
				ENABLE_NS_ASSERTIONS = NO;
				ENABLE_STRICT_OBJC_MSGSEND = YES;
				GCC_C_LANGUAGE_STANDARD = gnu99;
				GCC_NO_COMMON_BLOCKS = YES;
				GCC_WARN_64_TO_32_BIT_CONVERSION = YES;
				GCC_WARN_ABOUT_RETURN_TYPE = YES_ERROR;
				GCC_WARN_UNDECLARED_SELECTOR = YES;
				GCC_WARN_UNINITIALIZED_AUTOS = YES_AGGRESSIVE;
				GCC_WARN_UNUSED_FUNCTION = YES;
				GCC_WARN_UNUSED_VARIABLE = YES;
				IPHONEOS_DEPLOYMENT_TARGET = 9.1;
				MTL_ENABLE_DEBUG_INFO = NO;
				SDKROOT = iphoneos;
				TARGETED_DEVICE_FAMILY = "1,2";
				VALIDATE_PRODUCT = YES;
			};
			name = Release;
		};
		B0F9F5F01C0449380021BF86 /* Debug */ = {
			isa = XCBuildConfiguration;
			buildSettings = {
				ASSETCATALOG_COMPILER_APPICON_NAME = AppIcon;
				INFOPLIST_FILE = SplitView/Info.plist;
				IPHONEOS_DEPLOYMENT_TARGET = 8.0;
				LD_RUNPATH_SEARCH_PATHS = "$(inherited) @executable_path/Frameworks";
				PRODUCT_BUNDLE_IDENTIFIER = carnewal.SnapShout;
				PRODUCT_NAME = SnapShout;
			};
			name = Debug;
		};
		B0F9F5F11C0449380021BF86 /* Release */ = {
			isa = XCBuildConfiguration;
			buildSettings = {
				ASSETCATALOG_COMPILER_APPICON_NAME = AppIcon;
				INFOPLIST_FILE = SplitView/Info.plist;
				IPHONEOS_DEPLOYMENT_TARGET = 8.0;
				LD_RUNPATH_SEARCH_PATHS = "$(inherited) @executable_path/Frameworks";
				PRODUCT_BUNDLE_IDENTIFIER = carnewal.SnapShout;
				PRODUCT_NAME = SnapShout;
			};
			name = Release;
		};
/* End XCBuildConfiguration section */

/* Begin XCConfigurationList section */
		B0F9F5D81C0449380021BF86 /* Build configuration list for PBXProject "SnapShout" */ = {
			isa = XCConfigurationList;
			buildConfigurations = (
				B0F9F5ED1C0449380021BF86 /* Debug */,
				B0F9F5EE1C0449380021BF86 /* Release */,
			);
			defaultConfigurationIsVisible = 0;
			defaultConfigurationName = Release;
		};
		B0F9F5EF1C0449380021BF86 /* Build configuration list for PBXNativeTarget "	" */ = {
			isa = XCConfigurationList;
			buildConfigurations = (
				B0F9F5F01C0449380021BF86 /* Debug */,
				B0F9F5F11C0449380021BF86 /* Release */,
			);
			defaultConfigurationIsVisible = 0;
			defaultConfigurationName = Release;
		};
/* End XCConfigurationList section */
	};
	rootObject = B0F9F5D51C0449380021BF86 /* Project object */;
}
